
Microsoft Visual Studio Solution File, Format Version 12.00
# Visual Studio Version 17
VisualStudioVersion = 17.0.31611.283
MinimumVisualStudioVersion = 10.0.40219.1
Project("{9A19103F-16F7-4668-BE54-9A1E7A4F7556}") = "GalaxyLogicGameMAUI", "GalaxyLogicGameMAUI\GalaxyLogicGameMAUI.csproj", "{9AB919C1-401B-479C-AF94-2E8CC9BB7A05}"
EndProject
Project("{9A19103F-16F7-4668-BE54-9A1E7A4F7556}") = "GalaxyLogicGameWearOS", "GalaxyLogicGameWearOS\GalaxyLogicGameWearOS.csproj", "{6476FBA1-8083-47F6-81FA-E364EA48F5D8}"
EndProject
Project("{9A19103F-16F7-4668-BE54-9A1E7A4F7556}") = "GalaxyLogicGame", "GalaxyLogicGame\GalaxyLogicGame.csproj", "{3152AE05-76E0-4309-9620-73F9C78606F5}"
EndProject
Project("{2150E333-8FDC-42A3-9474-1A3956D46DE8}") = "Solution Items", "Solution Items", "{DE347F66-50D0-47FB-B0DF-E3A4FEBA052C}"
	ProjectSection(SolutionItems) = preProject
		AtomicBombNFTMinter.sol = AtomicBombNFTMinter.sol
	EndProjectSection
EndProject
Global
	GlobalSection(SolutionConfigurationPlatforms) = preSolution
		Debug|Any CPU = Debug|Any CPU
		Release|Any CPU = Release|Any CPU
	EndGlobalSection
	GlobalSection(ProjectConfigurationPlatforms) = postSolution
		{9AB919C1-401B-479C-AF94-2E8CC9BB7A05}.Debug|Any CPU.ActiveCfg = Debug|Any CPU
		{9AB919C1-401B-479C-AF94-2E8CC9BB7A05}.Debug|Any CPU.Build.0 = Debug|Any CPU
		{9AB919C1-401B-479C-AF94-2E8CC9BB7A05}.Debug|Any CPU.Deploy.0 = Debug|Any CPU
		{9AB919C1-401B-479C-AF94-2E8CC9BB7A05}.Release|Any CPU.ActiveCfg = Release|Any CPU
		{9AB919C1-401B-479C-AF94-2E8CC9BB7A05}.Release|Any CPU.Build.0 = Release|Any CPU
		{9AB919C1-401B-479C-AF94-2E8CC9BB7A05}.Release|Any CPU.Deploy.0 = Release|Any CPU
		{6476FBA1-8083-47F6-81FA-E364EA48F5D8}.Debug|Any CPU.ActiveCfg = Debug|Any CPU
		{6476FBA1-8083-47F6-81FA-E364EA48F5D8}.Debug|Any CPU.Build.0 = Debug|Any CPU
		{6476FBA1-8083-47F6-81FA-E364EA48F5D8}.Debug|Any CPU.Deploy.0 = Debug|Any CPU
		{6476FBA1-8083-47F6-81FA-E364EA48F5D8}.Release|Any CPU.ActiveCfg = Release|Any CPU
		{6476FBA1-8083-47F6-81FA-E364EA48F5D8}.Release|Any CPU.Build.0 = Release|Any CPU
		{6476FBA1-8083-47F6-81FA-E364EA48F5D8}.Release|Any CPU.Deploy.0 = Release|Any CPU
		{3152AE05-76E0-4309-9620-73F9C78606F5}.Debug|Any CPU.ActiveCfg = Debug|Any CPU
		{3152AE05-76E0-4309-9620-73F9C78606F5}.Debug|Any CPU.Build.0 = Debug|Any CPU
		{3152AE05-76E0-4309-9620-73F9C78606F5}.Release|Any CPU.ActiveCfg = Release|Any CPU
		{3152AE05-76E0-4309-9620-73F9C78606F5}.Release|Any CPU.Build.0 = Release|Any CPU
	EndGlobalSection
	GlobalSection(SolutionProperties) = preSolution
		HideSolutionNode = FALSE
	EndGlobalSection
	GlobalSection(ExtensibilityGlobals) = postSolution
		SolutionGuid = {61F7FB11-1E47-470C-91E2-47F8143E1572}
	EndGlobalSection
EndGlobal
